PODS:
  - PurchaseController (0.4.2):
    - SwiftyStoreKit (~> 0.14)
  - SwiftyStoreKit (0.14.2)

DEPENDENCIES:
  - PurchaseController (from `../`)
  - SwiftyStoreKit (~> 0.14)

SPEC REPOS:
  https://github.com/cocoapods/specs.git:
    - SwiftyStoreKit

EXTERNAL SOURCES:
  PurchaseController:
    :path: "../"

SPEC CHECKSUMS:
  PurchaseController: 599e879b48fff37abc41dfcb6efd2a56f9c4a992
  SwiftyStoreKit: cc399645796b094022fb650c148a0aed25995873

PODFILE CHECKSUM: adb6f146b43819f04d4a4e65933c6d8e839f83ec

COCOAPODS: 1.6.0
