PODS:
  - OpenSSL-Universal (1.1.1900)
  - PurchaseController (1.0.10):
    - OpenSSL-Universal (= 1.1.1900)

DEPENDENCIES:
  - PurchaseController (from `../`)

SPEC REPOS:
  trunk:
    - OpenSSL-Universal

EXTERNAL SOURCES:
  PurchaseController:
    :path: "../"

SPEC CHECKSUMS:
  OpenSSL-Universal: 84efb8a29841f2764ac5403e0c4119a28b713346
  PurchaseController: 97f8ba3d62fac2821316f31823b4319a0eddbd05

PODFILE CHECKSUM: 44cd69fe93e4f6ece8651a2136da8ef9b44b6581

COCOAPODS: 1.11.3
